PackratFormat: 1.4
PackratVersion: 0.4.0.12
RVersion: 3.0.2
Repos: CRAN=http://cran.rstudio.com

Package: colorspace
Source: CRAN
Version: 1.2-4
Hash: b775bd08a10f968fef582304b7c3ab9c

Package: dichromat
Source: CRAN
Version: 2.0-0
Hash: 42be2136555fa4b6167605df56d8cd7c

Package: digest
Source: CRAN
Version: 0.6.4
Hash: e4bf0e79b15a352510aff0de905d31e2

Package: evaluate
Source: CRAN
Version: 0.5.5
Hash: 20881970e590ee68de97a468694db7b0
Requires: stringr

Package: fields
Source: CRAN
Version: 7.1
Hash: 9ddf8675cce79b252776782a1d85c5f9
Requires: maps, spam

Package: FNN
Source: CRAN
Version: 1.1
Hash: 58ed04c8ef03f28e29f05c4d9c6cfa7a

Package: formatR
Source: CRAN
Version: 0.10
Hash: 20331f0a1a9c5f31541b34ecd9aed520

Package: ggplot2
Source: CRAN
Version: 1.0.0
Hash: c8bff66238347472f08b6a35608539ff
Requires: digest, gtable, plyr, proto, reshape2, scales

Package: gridExtra
Source: CRAN
Version: 0.9.1
Hash: 1cb7af8c140431ec4e99905f1d8adcc4

Package: gstat
Source: CRAN
Version: 1.0-19
Hash: b7dd668488a1b3403afa6e0d05ba319d
Requires: FNN, lattice, sp, spacetime, zoo

Package: gtable
Source: CRAN
Version: 0.1.2
Hash: 0cf4a2b54c02b35dec7e74a8ebed12a0

Package: highr
Source: CRAN
Version: 0.3
Hash: 7c85a9b7d07a75e2d8ca74f9467fee21

Package: htmltools
Source: CRAN
Version: 0.2.4
Hash: 88df1d8bc3728256408aab4d416959d1
Requires: digest

Package: intervals
Source: CRAN
Version: 0.14.0
Hash: b33c8a08500cc7536538ccaf45f7f227

Package: knitr
Source: CRAN
Version: 1.6
Hash: 0f6457facba94bccad17a7c67c2f4168
Requires: digest, evaluate, formatR, highr, markdown, stringr

Package: labeling
Source: CRAN
Version: 0.2
Hash: 25f63495dfb737e67bd75fc1eb58ff2c

Package: lattice
Source: CRAN
Version: 0.20-29
Hash: 17e9fe582d11197544a5ec817a80b21e

Package: lubridate
Source: CRAN
Version: 1.3.3
Hash: f19612b23b1b15febdf30ee920a6e7df
Requires: memoise, plyr, stringr

Package: maps
Source: CRAN
Version: 2.3-7
Hash: 4c87e5e328a6125cbe661dff2189c864

Package: markdown
Source: CRAN
Version: 0.7
Hash: abb6bfa9a1fc3763de292018a22b7d98
Requires: mime

Package: memoise
Source: CRAN
Version: 0.2.1
Hash: fc52fa39dfd216c44d64812ff31b1c67
Requires: digest

Package: mime
Source: CRAN
Version: 0.1.1
Hash: 28ee6ae37bab73846b0a6cc44e797069

Package: munsell
Source: CRAN
Version: 0.4.2
Hash: fa8af6d040041439b249351e9d16ae9a
Requires: colorspace

Package: OpenStreetMap
Source: CRAN
Version: 0.3.1
Hash: ec1af1d7f737ab1e265833ca539c0e29
Requires: raster, rgdal, rJava

Package: packrat
Source: github
Version: 0.4.0.12
Hash: e738f79a22521c57fad67a1679302385973cd958
GithubRepo: packrat
GithubUsername: rstudio
GithubRef: master
GithubSha1: e738f79a22521c57fad67a1679302385973cd958

Package: plyr
Source: CRAN
Version: 1.8.1
Hash: be21bad411e628f810a92212e17b5be7
Requires: Rcpp

Package: proto
Source: CRAN
Version: 0.3-10
Hash: 668a9e87cedbdc5f56c396edf1bd2648

Package: raster
Source: CRAN
Version: 2.2-31
Hash: 87ed0a8cd614f064ae5afc3d45c6100d
Requires: sp

Package: RColorBrewer
Source: CRAN
Version: 1.0-5
Hash: 6a849b729bec970204ca88b96906adbc

Package: Rcpp
Source: CRAN
Version: 0.11.2
Hash: ef2b1a5e45d1461bd720e4ebbe48e601

Package: reshape2
Source: CRAN
Version: 1.4
Hash: b210925e978fd52ad5eb0822a353e7ce
Requires: plyr, Rcpp, stringr

Package: rgdal
Source: CRAN
Version: 0.8-16
Hash: 4e3d03fb47a1f57c7344928cbc8769d9
Requires: sp

Package: rgeos
Source: CRAN
Version: 0.3-5
Hash: 1d69ef6ae3ec2223604075ba1338f759
Requires: sp

Package: rJava
Source: CRAN
Version: 0.9-6
Hash: 5ea21341e7c1d6a40cdde6ef470fec92

Package: rmarkdown
Source: github
Version: 0.2.46
Hash: 5dc14fc6764625932ffe84a371daa500f6b5c936
Requires: htmltools, knitr, yaml
GithubRepo: rmarkdown
GithubUsername: rstudio
GithubRef: master
GithubSha1: 5dc14fc6764625932ffe84a371daa500f6b5c936

Package: scales
Source: CRAN
Version: 0.2.4
Hash: b8b1af97bd07818605223060386b00dd
Requires: dichromat, labeling, munsell, plyr, RColorBrewer

Package: sp
Source: CRAN
Version: 1.0-15
Hash: ccab055c2835c81a8add23517d8b6219
Requires: lattice

Package: spacetime
Source: CRAN
Version: 1.1-0
Hash: af493c44cf1f1ae8ee0fa784379dbb0d
Requires: intervals, lattice, rgeos, sp, xts, zoo

Package: spam
Source: CRAN
Version: 0.41-0
Hash: 15d4c1c502b3c6af37a54f71e5006246

Package: spcosa
Source: CRAN
Version: 0.3-5
Hash: e9bc596cc57ae4dd23e508f5ae847b1a
Requires: ggplot2, rJava, sp

Package: splancs
Source: CRAN
Version: 2.01-34
Hash: 15a8997c2895955a31d925275e62c0bd
Requires: sp

Package: stringr
Source: CRAN
Version: 0.6.2
Hash: cdde0cfa0f52cffeaca23a11a3899779

Package: xts
Source: CRAN
Version: 0.9-7
Hash: be4b6faab98ec342c7aa497a903d7b43
Requires: zoo

Package: yaml
Source: CRAN
Version: 2.1.11
Hash: ba7120787d803a7c0aebf4518a873947

Package: zoo
Source: CRAN
Version: 1.7-11
Hash: a412b124ff249b078d9cd870de913c90
Requires: lattice
